PODS:
  - IdensicMobileSDK (1.18.4):
    - IdensicMobileSDK/Default (= 1.18.4)
  - IdensicMobileSDK/Core (1.18.4)
  - IdensicMobileSDK/Default (1.18.4):
    - IdensicMobileSDK/Core

DEPENDENCIES:
  - IdensicMobileSDK (~> 1.18.4)

SPEC REPOS:
  https://github.com/SumSubstance/Specs.git:
    - IdensicMobileSDK

SPEC CHECKSUMS:
  IdensicMobileSDK: 21940a4ab07931dad7bb7f06b0e86b21fe02d700

PODFILE CHECKSUM: 13e740356830599cc8154500472fe8bf4791fa15

COCOAPODS: 1.12.1
